
Microsoft Visual Studio Solution File, Format Version 12.00
# Visual Studio Version 17
VisualStudioVersion = 17.13.35825.156 d17.13
MinimumVisualStudioVersion = 10.0.40219.1
Project("{FAE04EC0-301F-11D3-BF4B-00C04F79EFBC}") = "Practicum 27", "Practicum 27.csproj", "{BA5E0D39-7C96-4DF9-9539-6C3690BB37EC}"
EndProject
Global
	GlobalSection(SolutionConfigurationPlatforms) = preSolution
		Debug|Any CPU = Debug|Any CPU
		Release|Any CPU = Release|Any CPU
	EndGlobalSection
	GlobalSection(ProjectConfigurationPlatforms) = postSolution
		{BA5E0D39-7C96-4DF9-9539-6C3690BB37EC}.Debug|Any CPU.ActiveCfg = Debug|Any CPU
		{BA5E0D39-7C96-4DF9-9539-6C3690BB37EC}.Debug|Any CPU.Build.0 = Debug|Any CPU
		{BA5E0D39-7C96-4DF9-9539-6C3690BB37EC}.Release|Any CPU.ActiveCfg = Release|Any CPU
		{BA5E0D39-7C96-4DF9-9539-6C3690BB37EC}.Release|Any CPU.Build.0 = Release|Any CPU
	EndGlobalSection
	GlobalSection(SolutionProperties) = preSolution
		HideSolutionNode = FALSE
	EndGlobalSection
	GlobalSection(ExtensibilityGlobals) = postSolution
		SolutionGuid = {B8E28C1C-D324-4E66-8B6D-97E2497F26BA}
	EndGlobalSection
EndGlobal
